// !$*UTF8*$!
{
	archiveVersion = 1;
	classes = {
	};
	objectVersion = 46;
	objects = {

/* Begin PBXBuildFile section */
		10D42B311BA2FEA200914F99 /* main.m in Sources */ = {isa = PBXBuildFile; fileRef = 10D42B301BA2FEA200914F99 /* main.m */; };
		10D42B341BA2FEA200914F99 /* AppDelegate.m in Sources */ = {isa = PBXBuildFile; fileRef = 10D42B331BA2FEA200914F99 /* AppDelegate.m */; };
		10D42B371BA2FEA200914F99 /* ViewController.m in Sources */ = {isa = PBXBuildFile; fileRef = 10D42B361BA2FEA200914F99 /* ViewController.m */; };
		10D42B3A1BA2FEA200914F99 /* Main.storyboard in Resources */ = {isa = PBXBuildFile; fileRef = 10D42B381BA2FEA200914F99 /* Main.storyboard */; };
		10D42B3C1BA2FEA200914F99 /* Images.xcassets in Resources */ = {isa = PBXBuildFile; fileRef = 10D42B3B1BA2FEA200914F99 /* Images.xcassets */; };
		10D42B3F1BA2FEA200914F99 /* LaunchScreen.xib in Resources */ = {isa = PBXBuildFile; fileRef = 10D42B3D1BA2FEA200914F99 /* LaunchScreen.xib */; };
		10D42B561BA3005400914F99 /* MementoCenter.m in Sources */ = {isa = PBXBuildFile; fileRef = 10D42B551BA3005400914F99 /* MementoCenter.m */; };
		10D42B5A1BA3006C00914F99 /* FastCoder.m in Sources */ = {isa = PBXBuildFile; fileRef = 10D42B591BA3006C00914F99 /* FastCoder.m */; settings = {COMPILER_FLAGS = "-fno-objc-arc"; }; };
		10D42B5F1BA3053600914F99 /* Model.m in Sources */ = {isa = PBXBuildFile; fileRef = 10D42B5E1BA3053600914F99 /* Model.m */; };
/* End PBXBuildFile section */

/* Begin PBXFileReference section */
		10D42B2B1BA2FEA200914F99 /* MementoPattern.app */ = {isa = PBXFileReference; explicitFileType = wrapper.application; includeInIndex = 0; path = MementoPattern.app; sourceTree = BUILT_PRODUCTS_DIR; };
		10D42B2F1BA2FEA200914F99 /* Info.plist */ = {isa = PBXFileReference; lastKnownFileType = text.plist.xml; path = Info.plist; sourceTree = "<group>"; };
		10D42B301BA2FEA200914F99 /* main.m */ = {isa = PBXFileReference; lastKnownFileType = sourcecode.c.objc; path = main.m; sourceTree = "<group>"; };
		10D42B321BA2FEA200914F99 /* AppDelegate.h */ = {isa = PBXFileReference; lastKnownFileType = sourcecode.c.h; path = AppDelegate.h; sourceTree = "<group>"; };
		10D42B331BA2FEA200914F99 /* AppDelegate.m */ = {isa = PBXFileReference; lastKnownFileType = sourcecode.c.objc; path = AppDelegate.m; sourceTree = "<group>"; };
		10D42B351BA2FEA200914F99 /* ViewController.h */ = {isa = PBXFileReference; lastKnownFileType = sourcecode.c.h; path = ViewController.h; sourceTree = "<group>"; };
		10D42B361BA2FEA200914F99 /* ViewController.m */ = {isa = PBXFileReference; lastKnownFileType = sourcecode.c.objc; path = ViewController.m; sourceTree = "<group>"; };
		10D42B391BA2FEA200914F99 /* Base */ = {isa = PBXFileReference; lastKnownFileType = file.storyboard; name = Base; path = Base.lproj/Main.storyboard; sourceTree = "<group>"; };
		10D42B3B1BA2FEA200914F99 /* Images.xcassets */ = {isa = PBXFileReference; lastKnownFileType = folder.assetcatalog; path = Images.xcassets; sourceTree = "<group>"; };
		10D42B3E1BA2FEA200914F99 /* Base */ = {isa = PBXFileReference; lastKnownFileType = file.xib; name = Base; path = Base.lproj/LaunchScreen.xib; sourceTree = "<group>"; };
		10D42B541BA3005400914F99 /* MementoCenter.h */ = {isa = PBXFileReference; fileEncoding = 4; lastKnownFileType = sourcecode.c.h; path = MementoCenter.h; sourceTree = "<group>"; };
		10D42B551BA3005400914F99 /* MementoCenter.m */ = {isa = PBXFileReference; fileEncoding = 4; lastKnownFileType = sourcecode.c.objc; path = MementoCenter.m; sourceTree = "<group>"; };
		10D42B581BA3006C00914F99 /* FastCoder.h */ = {isa = PBXFileReference; fileEncoding = 4; lastKnownFileType = sourcecode.c.h; path = FastCoder.h; sourceTree = "<group>"; };
		10D42B591BA3006C00914F99 /* FastCoder.m */ = {isa = PBXFileReference; fileEncoding = 4; lastKnownFileType = sourcecode.c.objc; path = FastCoder.m; sourceTree = "<group>"; };
		10D42B5B1BA301A100914F99 /* MementoCenterProtocol.h */ = {isa = PBXFileReference; fileEncoding = 4; lastKnownFileType = sourcecode.c.h; path = MementoCenterProtocol.h; sourceTree = "<group>"; };
		10D42B5D1BA3053600914F99 /* Model.h */ = {isa = PBXFileReference; fileEncoding = 4; lastKnownFileType = sourcecode.c.h; path = Model.h; sourceTree = "<group>"; };
		10D42B5E1BA3053600914F99 /* Model.m */ = {isa = PBXFileReference; fileEncoding = 4; lastKnownFileType = sourcecode.c.objc; path = Model.m; sourceTree = "<group>"; };
/* End PBXFileReference section */

/* Begin PBXFrameworksBuildPhase section */
		10D42B281BA2FEA200914F99 /* Frameworks */ = {
			isa = PBXFrameworksBuildPhase;
			buildActionMask = 2147483647;
			files = (
			);
			runOnlyForDeploymentPostprocessing = 0;
		};
/* End PBXFrameworksBuildPhase section */

/* Begin PBXGroup section */
		10D42B221BA2FEA200914F99 = {
			isa = PBXGroup;
			children = (
				10D42B2D1BA2FEA200914F99 /* MementoPattern */,
				10D42B2C1BA2FEA200914F99 /* Products */,
			);
			sourceTree = "<group>";
		};
		10D42B2C1BA2FEA200914F99 /* Products */ = {
			isa = PBXGroup;
			children = (
				10D42B2B1BA2FEA200914F99 /* MementoPattern.app */,
			);
			name = Products;
			sourceTree = "<group>";
		};
		10D42B2D1BA2FEA200914F99 /* MementoPattern */ = {
			isa = PBXGroup;
			children = (
				10D42B321BA2FEA200914F99 /* AppDelegate.h */,
				10D42B331BA2FEA200914F99 /* AppDelegate.m */,
				10D42B351BA2FEA200914F99 /* ViewController.h */,
				10D42B361BA2FEA200914F99 /* ViewController.m */,
				10D42B5D1BA3053600914F99 /* Model.h */,
				10D42B5E1BA3053600914F99 /* Model.m */,
				10D42B5C1BA3052400914F99 /* MementoCenter */,
				10D42B571BA3006C00914F99 /* FastCoder */,
				10D42B381BA2FEA200914F99 /* Main.storyboard */,
				10D42B3B1BA2FEA200914F99 /* Images.xcassets */,
				10D42B3D1BA2FEA200914F99 /* LaunchScreen.xib */,
				10D42B2E1BA2FEA200914F99 /* Supporting Files */,
			);
			path = MementoPattern;
			sourceTree = "<group>";
		};
		10D42B2E1BA2FEA200914F99 /* Supporting Files */ = {
			isa = PBXGroup;
			children = (
				10D42B2F1BA2FEA200914F99 /* Info.plist */,
				10D42B301BA2FEA200914F99 /* main.m */,
			);
			name = "Supporting Files";
			sourceTree = "<group>";
		};
		10D42B571BA3006C00914F99 /* FastCoder */ = {
			isa = PBXGroup;
			children = (
				10D42B581BA3006C00914F99 /* FastCoder.h */,
				10D42B591BA3006C00914F99 /* FastCoder.m */,
			);
			path = FastCoder;
			sourceTree = "<group>";
		};
		10D42B5C1BA3052400914F99 /* MementoCenter */ = {
			isa = PBXGroup;
			children = (
				10D42B541BA3005400914F99 /* MementoCenter.h */,
				10D42B551BA3005400914F99 /* MementoCenter.m */,
				10D42B5B1BA301A100914F99 /* MementoCenterProtocol.h */,
			);
			name = MementoCenter;
			sourceTree = "<group>";
		};
/* End PBXGroup section */

/* Begin PBXNativeTarget section */
		10D42B2A1BA2FEA200914F99 /* MementoPattern */ = {
			isa = PBXNativeTarget;
			buildConfigurationList = 10D42B4E1BA2FEA200914F99 /* Build configuration list for PBXNativeTarget "MementoPattern" */;
			buildPhases = (
				10D42B271BA2FEA200914F99 /* Sources */,
				10D42B281BA2FEA200914F99 /* Frameworks */,
				10D42B291BA2FEA200914F99 /* Resources */,
			);
			buildRules = (
			);
			dependencies = (
			);
			name = MementoPattern;
			productName = MementoPattern;
			productReference = 10D42B2B1BA2FEA200914F99 /* MementoPattern.app */;
			productType = "com.apple.product-type.application";
		};
/* End PBXNativeTarget section */

/* Begin PBXProject section */
		10D42B231BA2FEA200914F99 /* Project object */ = {
			isa = PBXProject;
			attributes = {
				LastUpgradeCheck = 0800;
				ORGANIZATIONNAME = YouXianMing;
				TargetAttributes = {
					10D42B2A1BA2FEA200914F99 = {
						CreatedOnToolsVersion = 6.4;
					};
				};
			};
			buildConfigurationList = 10D42B261BA2FEA200914F99 /* Build configuration list for PBXProject "MementoPattern" */;
			compatibilityVersion = "Xcode 3.2";
			developmentRegion = English;
			hasScannedForEncodings = 0;
			knownRegions = (
				en,
				Base,
			);
			mainGroup = 10D42B221BA2FEA200914F99;
			productRefGroup = 10D42B2C1BA2FEA200914F99 /* Products */;
			projectDirPath = "";
			projectRoot = "";
			targets = (
				10D42B2A1BA2FEA200914F99 /* MementoPattern */,
			);
		};
/* End PBXProject section */

/* Begin PBXResourcesBuildPhase section */
		10D42B291BA2FEA200914F99 /* Resources */ = {
			isa = PBXResourcesBuildPhase;
			buildActionMask = 2147483647;
			files = (
				10D42B3A1BA2FEA200914F99 /* Main.storyboard in Resources */,
				10D42B3F1BA2FEA200914F99 /* LaunchScreen.xib in Resources */,
				10D42B3C1BA2FEA200914F99 /* Images.xcassets in Resources */,
			);
			runOnlyForDeploymentPostprocessing = 0;
		};
/* End PBXResourcesBuildPhase section */

/* Begin PBXSourcesBuildPhase section */
		10D42B271BA2FEA200914F99 /* Sources */ = {
			isa = PBXSourcesBuildPhase;
			buildActionMask = 2147483647;
			files = (
				10D42B561BA3005400914F99 /* MementoCenter.m in Sources */,
				10D42B371BA2FEA200914F99 /* ViewController.m in Sources */,
				10D42B341BA2FEA200914F99 /* AppDelegate.m in Sources */,
				10D42B5F1BA3053600914F99 /* Model.m in Sources */,
				10D42B5A1BA3006C00914F99 /* FastCoder.m in Sources */,
				10D42B311BA2FEA200914F99 /* main.m in Sources */,
			);
			runOnlyForDeploymentPostprocessing = 0;
		};
/* End PBXSourcesBuildPhase section */

/* Begin PBXVariantGroup section */
		10D42B381BA2FEA200914F99 /* Main.storyboard */ = {
			isa = PBXVariantGroup;
			children = (
				10D42B391BA2FEA200914F99 /* Base */,
			);
			name = Main.storyboard;
			sourceTree = "<group>";
		};
		10D42B3D1BA2FEA200914F99 /* LaunchScreen.xib */ = {
			isa = PBXVariantGroup;
			children = (
				10D42B3E1BA2FEA200914F99 /* Base */,
			);
			name = LaunchScreen.xib;
			sourceTree = "<group>";
		};
/* End PBXVariantGroup section */

/* Begin XCBuildConfiguration section */
		10D42B4C1BA2FEA200914F99 /* Debug */ = {
			isa = XCBuildConfiguration;
			buildSettings = {
				ALWAYS_SEARCH_USER_PATHS = NO;
				CLANG_CXX_LANGUAGE_STANDARD = "gnu++0x";
				CLANG_CXX_LIBRARY = "libc++";
				CLANG_ENABLE_MODULES = YES;
				CLANG_ENABLE_OBJC_ARC = YES;
				CLANG_WARN_BOOL_CONVERSION = YES;
				CLANG_WARN_CONSTANT_CONVERSION = YES;
				CLANG_WARN_DIRECT_OBJC_ISA_USAGE = YES_ERROR;
				CLANG_WARN_EMPTY_BODY = YES;
				CLANG_WARN_ENUM_CONVERSION = YES;
				CLANG_WARN_INFINITE_RECURSION = YES;
				CLANG_WARN_INT_CONVERSION = YES;
				CLANG_WARN_OBJC_ROOT_CLASS = YES_ERROR;
				CLANG_WARN_SUSPICIOUS_MOVE = YES;
				CLANG_WARN_UNREACHABLE_CODE = YES;
				CLANG_WARN__DUPLICATE_METHOD_MATCH = YES;
				"CODE_SIGN_IDENTITY[sdk=iphoneos*]" = "iPhone Developer";
				COPY_PHASE_STRIP = NO;
				DEBUG_INFORMATION_FORMAT = "dwarf-with-dsym";
				ENABLE_STRICT_OBJC_MSGSEND = YES;
				ENABLE_TESTABILITY = YES;
				GCC_C_LANGUAGE_STANDARD = gnu99;
				GCC_DYNAMIC_NO_PIC = NO;
				GCC_NO_COMMON_BLOCKS = YES;
				GCC_OPTIMIZATION_LEVEL = 0;
				GCC_PREPROCESSOR_DEFINITIONS = (
					"DEBUG=1",
					"$(inherited)",
				);
				GCC_SYMBOLS_PRIVATE_EXTERN = NO;
				GCC_WARN_64_TO_32_BIT_CONVERSION = YES;
				GCC_WARN_ABOUT_RETURN_TYPE = YES_ERROR;
				GCC_WARN_UNDECLARED_SELECTOR = YES;
				GCC_WARN_UNINITIALIZED_AUTOS = YES_AGGRESSIVE;
				GCC_WARN_UNUSED_FUNCTION = YES;
				GCC_WARN_UNUSED_VARIABLE = YES;
				IPHONEOS_DEPLOYMENT_TARGET = 8.4;
				MTL_ENABLE_DEBUG_INFO = YES;
				ONLY_ACTIVE_ARCH = YES;
				SDKROOT = iphoneos;
				TARGETED_DEVICE_FAMILY = "1,2";
			};
			name = Debug;
		};
		10D42B4D1BA2FEA200914F99 /* Release */ = {
			isa = XCBuildConfiguration;
			buildSettings = {
				ALWAYS_SEARCH_USER_PATHS = NO;
				CLANG_CXX_LANGUAGE_STANDARD = "gnu++0x";
				CLANG_CXX_LIBRARY = "libc++";
				CLANG_ENABLE_MODULES = YES;
				CLANG_ENABLE_OBJC_ARC = YES;
				CLANG_WARN_BOOL_CONVERSION = YES;
				CLANG_WARN_CONSTANT_CONVERSION = YES;
				CLANG_WARN_DIRECT_OBJC_ISA_USAGE = YES_ERROR;
				CLANG_WARN_EMPTY_BODY = YES;
				CLANG_WARN_ENUM_CONVERSION = YES;
				CLANG_WARN_INFINITE_RECURSION = YES;
				CLANG_WARN_INT_CONVERSION = YES;
				CLANG_WARN_OBJC_ROOT_CLASS = YES_ERROR;
				CLANG_WARN_SUSPICIOUS_MOVE = YES;
				CLANG_WARN_UNREACHABLE_CODE = YES;
				CLANG_WARN__DUPLICATE_METHOD_MATCH = YES;
				"CODE_SIGN_IDENTITY[sdk=iphoneos*]" = "iPhone Developer";
				COPY_PHASE_STRIP = NO;
				DEBUG_INFORMATION_FORMAT = "dwarf-with-dsym";
				ENABLE_NS_ASSERTIONS = NO;
				ENABLE_STRICT_OBJC_MSGSEND = YES;
				GCC_C_LANGUAGE_STANDARD = gnu99;
				GCC_NO_COMMON_BLOCKS = YES;
				GCC_WARN_64_TO_32_BIT_CONVERSION = YES;
				GCC_WARN_ABOUT_RETURN_TYPE = YES_ERROR;
				GCC_WARN_UNDECLARED_SELECTOR = YES;
				GCC_WARN_UNINITIALIZED_AUTOS = YES_AGGRESSIVE;
				GCC_WARN_UNUSED_FUNCTION = YES;
				GCC_WARN_UNUSED_VARIABLE = YES;
				IPHONEOS_DEPLOYMENT_TARGET = 8.4;
				MTL_ENABLE_DEBUG_INFO = NO;
				SDKROOT = iphoneos;
				TARGETED_DEVICE_FAMILY = "1,2";
				VALIDATE_PRODUCT = YES;
			};
			name = Release;
		};
		10D42B4F1BA2FEA200914F99 /* Debug */ = {
			isa = XCBuildConfiguration;
			buildSettings = {
				ASSETCATALOG_COMPILER_APPICON_NAME = AppIcon;
				INFOPLIST_FILE = MementoPattern/Info.plist;
				LD_RUNPATH_SEARCH_PATHS = "$(inherited) @executable_path/Frameworks";
				PRODUCT_BUNDLE_IDENTIFIER = "com.YouXianMing.$(PRODUCT_NAME:rfc1034identifier)";
				PRODUCT_NAME = "$(TARGET_NAME)";
			};
			name = Debug;
		};
		10D42B501BA2FEA200914F99 /* Release */ = {
			isa = XCBuildConfiguration;
			buildSettings = {
				ASSETCATALOG_COMPILER_APPICON_NAME = AppIcon;
				INFOPLIST_FILE = MementoPattern/Info.plist;
				LD_RUNPATH_SEARCH_PATHS = "$(inherited) @executable_path/Frameworks";
				PRODUCT_BUNDLE_IDENTIFIER = "com.YouXianMing.$(PRODUCT_NAME:rfc1034identifier)";
				PRODUCT_NAME = "$(TARGET_NAME)";
			};
			name = Release;
		};
/* End XCBuildConfiguration section */

/* Begin XCConfigurationList section */
		10D42B261BA2FEA200914F99 /* Build configuration list for PBXProject "MementoPattern" */ = {
			isa = XCConfigurationList;
			buildConfigurations = (
				10D42B4C1BA2FEA200914F99 /* Debug */,
				10D42B4D1BA2FEA200914F99 /* Release */,
			);
			defaultConfigurationIsVisible = 0;
			defaultConfigurationName = Release;
		};
		10D42B4E1BA2FEA200914F99 /* Build configuration list for PBXNativeTarget "MementoPattern" */ = {
			isa = XCConfigurationList;
			buildConfigurations = (
				10D42B4F1BA2FEA200914F99 /* Debug */,
				10D42B501BA2FEA200914F99 /* Release */,
			);
			defaultConfigurationIsVisible = 0;
			defaultConfigurationName = Release;
		};
/* End XCConfigurationList section */
	};
	rootObject = 10D42B231BA2FEA200914F99 /* Project object */;
}
