// !$*UTF8*$!
{
	archiveVersion = 1;
	classes = {
	};
	objectVersion = 46;
	objects = {

/* Begin PBXBuildFile section */
		104EAE5E1BDF2BDB00019EA3 /* main.m in Sources */ = {isa = PBXBuildFile; fileRef = 104EAE5D1BDF2BDB00019EA3 /* main.m */; };
		104EAE611BDF2BDB00019EA3 /* AppDelegate.m in Sources */ = {isa = PBXBuildFile; fileRef = 104EAE601BDF2BDB00019EA3 /* AppDelegate.m */; };
		104EAE641BDF2BDB00019EA3 /* ViewController.m in Sources */ = {isa = PBXBuildFile; fileRef = 104EAE631BDF2BDB00019EA3 /* ViewController.m */; };
		104EAE671BDF2BDB00019EA3 /* Main.storyboard in Resources */ = {isa = PBXBuildFile; fileRef = 104EAE651BDF2BDB00019EA3 /* Main.storyboard */; };
		104EAE691BDF2BDB00019EA3 /* Assets.xcassets in Resources */ = {isa = PBXBuildFile; fileRef = 104EAE681BDF2BDB00019EA3 /* Assets.xcassets */; };
		104EAE6C1BDF2BDB00019EA3 /* LaunchScreen.storyboard in Resources */ = {isa = PBXBuildFile; fileRef = 104EAE6A1BDF2BDB00019EA3 /* LaunchScreen.storyboard */; };
		104EAE761BDF2CA400019EA3 /* Monopoly.m in Sources */ = {isa = PBXBuildFile; fileRef = 104EAE751BDF2CA400019EA3 /* Monopoly.m */; };
		104EAE7A1BDF2D9900019EA3 /* Chess.m in Sources */ = {isa = PBXBuildFile; fileRef = 104EAE791BDF2D9900019EA3 /* Chess.m */; };
/* End PBXBuildFile section */

/* Begin PBXFileReference section */
		104EAE591BDF2BDB00019EA3 /* TemplatePattern.app */ = {isa = PBXFileReference; explicitFileType = wrapper.application; includeInIndex = 0; path = TemplatePattern.app; sourceTree = BUILT_PRODUCTS_DIR; };
		104EAE5D1BDF2BDB00019EA3 /* main.m */ = {isa = PBXFileReference; lastKnownFileType = sourcecode.c.objc; path = main.m; sourceTree = "<group>"; };
		104EAE5F1BDF2BDB00019EA3 /* AppDelegate.h */ = {isa = PBXFileReference; lastKnownFileType = sourcecode.c.h; path = AppDelegate.h; sourceTree = "<group>"; };
		104EAE601BDF2BDB00019EA3 /* AppDelegate.m */ = {isa = PBXFileReference; lastKnownFileType = sourcecode.c.objc; path = AppDelegate.m; sourceTree = "<group>"; };
		104EAE621BDF2BDB00019EA3 /* ViewController.h */ = {isa = PBXFileReference; lastKnownFileType = sourcecode.c.h; path = ViewController.h; sourceTree = "<group>"; };
		104EAE631BDF2BDB00019EA3 /* ViewController.m */ = {isa = PBXFileReference; lastKnownFileType = sourcecode.c.objc; path = ViewController.m; sourceTree = "<group>"; };
		104EAE661BDF2BDB00019EA3 /* Base */ = {isa = PBXFileReference; lastKnownFileType = file.storyboard; name = Base; path = Base.lproj/Main.storyboard; sourceTree = "<group>"; };
		104EAE681BDF2BDB00019EA3 /* Assets.xcassets */ = {isa = PBXFileReference; lastKnownFileType = folder.assetcatalog; path = Assets.xcassets; sourceTree = "<group>"; };
		104EAE6B1BDF2BDB00019EA3 /* Base */ = {isa = PBXFileReference; lastKnownFileType = file.storyboard; name = Base; path = Base.lproj/LaunchScreen.storyboard; sourceTree = "<group>"; };
		104EAE6D1BDF2BDC00019EA3 /* Info.plist */ = {isa = PBXFileReference; lastKnownFileType = text.plist.xml; path = Info.plist; sourceTree = "<group>"; };
		104EAE741BDF2CA400019EA3 /* Monopoly.h */ = {isa = PBXFileReference; fileEncoding = 4; lastKnownFileType = sourcecode.c.h; path = Monopoly.h; sourceTree = "<group>"; };
		104EAE751BDF2CA400019EA3 /* Monopoly.m */ = {isa = PBXFileReference; fileEncoding = 4; lastKnownFileType = sourcecode.c.objc; path = Monopoly.m; sourceTree = "<group>"; };
		104EAE771BDF2CBB00019EA3 /* GameProtocol.h */ = {isa = PBXFileReference; fileEncoding = 4; lastKnownFileType = sourcecode.c.h; path = GameProtocol.h; sourceTree = "<group>"; };
		104EAE781BDF2D9900019EA3 /* Chess.h */ = {isa = PBXFileReference; fileEncoding = 4; lastKnownFileType = sourcecode.c.h; path = Chess.h; sourceTree = "<group>"; };
		104EAE791BDF2D9900019EA3 /* Chess.m */ = {isa = PBXFileReference; fileEncoding = 4; lastKnownFileType = sourcecode.c.objc; path = Chess.m; sourceTree = "<group>"; };
/* End PBXFileReference section */

/* Begin PBXFrameworksBuildPhase section */
		104EAE561BDF2BDB00019EA3 /* Frameworks */ = {
			isa = PBXFrameworksBuildPhase;
			buildActionMask = 2147483647;
			files = (
			);
			runOnlyForDeploymentPostprocessing = 0;
		};
/* End PBXFrameworksBuildPhase section */

/* Begin PBXGroup section */
		104EAE501BDF2BDB00019EA3 = {
			isa = PBXGroup;
			children = (
				104EAE5B1BDF2BDB00019EA3 /* TemplatePattern */,
				104EAE5A1BDF2BDB00019EA3 /* Products */,
			);
			sourceTree = "<group>";
		};
		104EAE5A1BDF2BDB00019EA3 /* Products */ = {
			isa = PBXGroup;
			children = (
				104EAE591BDF2BDB00019EA3 /* TemplatePattern.app */,
			);
			name = Products;
			sourceTree = "<group>";
		};
		104EAE5B1BDF2BDB00019EA3 /* TemplatePattern */ = {
			isa = PBXGroup;
			children = (
				104EAE5F1BDF2BDB00019EA3 /* AppDelegate.h */,
				104EAE601BDF2BDB00019EA3 /* AppDelegate.m */,
				104EAE621BDF2BDB00019EA3 /* ViewController.h */,
				104EAE631BDF2BDB00019EA3 /* ViewController.m */,
				104EAE771BDF2CBB00019EA3 /* GameProtocol.h */,
				104EAE741BDF2CA400019EA3 /* Monopoly.h */,
				104EAE751BDF2CA400019EA3 /* Monopoly.m */,
				104EAE781BDF2D9900019EA3 /* Chess.h */,
				104EAE791BDF2D9900019EA3 /* Chess.m */,
				104EAE651BDF2BDB00019EA3 /* Main.storyboard */,
				104EAE681BDF2BDB00019EA3 /* Assets.xcassets */,
				104EAE6A1BDF2BDB00019EA3 /* LaunchScreen.storyboard */,
				104EAE6D1BDF2BDC00019EA3 /* Info.plist */,
				104EAE5C1BDF2BDB00019EA3 /* Supporting Files */,
			);
			path = TemplatePattern;
			sourceTree = "<group>";
		};
		104EAE5C1BDF2BDB00019EA3 /* Supporting Files */ = {
			isa = PBXGroup;
			children = (
				104EAE5D1BDF2BDB00019EA3 /* main.m */,
			);
			name = "Supporting Files";
			sourceTree = "<group>";
		};
/* End PBXGroup section */

/* Begin PBXNativeTarget section */
		104EAE581BDF2BDB00019EA3 /* TemplatePattern */ = {
			isa = PBXNativeTarget;
			buildConfigurationList = 104EAE701BDF2BDC00019EA3 /* Build configuration list for PBXNativeTarget "TemplatePattern" */;
			buildPhases = (
				104EAE551BDF2BDB00019EA3 /* Sources */,
				104EAE561BDF2BDB00019EA3 /* Frameworks */,
				104EAE571BDF2BDB00019EA3 /* Resources */,
			);
			buildRules = (
			);
			dependencies = (
			);
			name = TemplatePattern;
			productName = TemplatePattern;
			productReference = 104EAE591BDF2BDB00019EA3 /* TemplatePattern.app */;
			productType = "com.apple.product-type.application";
		};
/* End PBXNativeTarget section */

/* Begin PBXProject section */
		104EAE511BDF2BDB00019EA3 /* Project object */ = {
			isa = PBXProject;
			attributes = {
				LastUpgradeCheck = 0800;
				ORGANIZATIONNAME = ZiPeiYi;
				TargetAttributes = {
					104EAE581BDF2BDB00019EA3 = {
						CreatedOnToolsVersion = 7.1;
					};
				};
			};
			buildConfigurationList = 104EAE541BDF2BDB00019EA3 /* Build configuration list for PBXProject "TemplatePattern" */;
			compatibilityVersion = "Xcode 3.2";
			developmentRegion = English;
			hasScannedForEncodings = 0;
			knownRegions = (
				en,
				Base,
			);
			mainGroup = 104EAE501BDF2BDB00019EA3;
			productRefGroup = 104EAE5A1BDF2BDB00019EA3 /* Products */;
			projectDirPath = "";
			projectRoot = "";
			targets = (
				104EAE581BDF2BDB00019EA3 /* TemplatePattern */,
			);
		};
/* End PBXProject section */

/* Begin PBXResourcesBuildPhase section */
		104EAE571BDF2BDB00019EA3 /* Resources */ = {
			isa = PBXResourcesBuildPhase;
			buildActionMask = 2147483647;
			files = (
				104EAE6C1BDF2BDB00019EA3 /* LaunchScreen.storyboard in Resources */,
				104EAE691BDF2BDB00019EA3 /* Assets.xcassets in Resources */,
				104EAE671BDF2BDB00019EA3 /* Main.storyboard in Resources */,
			);
			runOnlyForDeploymentPostprocessing = 0;
		};
/* End PBXResourcesBuildPhase section */

/* Begin PBXSourcesBuildPhase section */
		104EAE551BDF2BDB00019EA3 /* Sources */ = {
			isa = PBXSourcesBuildPhase;
			buildActionMask = 2147483647;
			files = (
				104EAE641BDF2BDB00019EA3 /* ViewController.m in Sources */,
				104EAE611BDF2BDB00019EA3 /* AppDelegate.m in Sources */,
				104EAE7A1BDF2D9900019EA3 /* Chess.m in Sources */,
				104EAE761BDF2CA400019EA3 /* Monopoly.m in Sources */,
				104EAE5E1BDF2BDB00019EA3 /* main.m in Sources */,
			);
			runOnlyForDeploymentPostprocessing = 0;
		};
/* End PBXSourcesBuildPhase section */

/* Begin PBXVariantGroup section */
		104EAE651BDF2BDB00019EA3 /* Main.storyboard */ = {
			isa = PBXVariantGroup;
			children = (
				104EAE661BDF2BDB00019EA3 /* Base */,
			);
			name = Main.storyboard;
			sourceTree = "<group>";
		};
		104EAE6A1BDF2BDB00019EA3 /* LaunchScreen.storyboard */ = {
			isa = PBXVariantGroup;
			children = (
				104EAE6B1BDF2BDB00019EA3 /* Base */,
			);
			name = LaunchScreen.storyboard;
			sourceTree = "<group>";
		};
/* End PBXVariantGroup section */

/* Begin XCBuildConfiguration section */
		104EAE6E1BDF2BDC00019EA3 /* Debug */ = {
			isa = XCBuildConfiguration;
			buildSettings = {
				ALWAYS_SEARCH_USER_PATHS = NO;
				CLANG_CXX_LANGUAGE_STANDARD = "gnu++0x";
				CLANG_CXX_LIBRARY = "libc++";
				CLANG_ENABLE_MODULES = YES;
				CLANG_ENABLE_OBJC_ARC = YES;
				CLANG_WARN_BOOL_CONVERSION = YES;
				CLANG_WARN_CONSTANT_CONVERSION = YES;
				CLANG_WARN_DIRECT_OBJC_ISA_USAGE = YES_ERROR;
				CLANG_WARN_EMPTY_BODY = YES;
				CLANG_WARN_ENUM_CONVERSION = YES;
				CLANG_WARN_INFINITE_RECURSION = YES;
				CLANG_WARN_INT_CONVERSION = YES;
				CLANG_WARN_OBJC_ROOT_CLASS = YES_ERROR;
				CLANG_WARN_SUSPICIOUS_MOVE = YES;
				CLANG_WARN_UNREACHABLE_CODE = YES;
				CLANG_WARN__DUPLICATE_METHOD_MATCH = YES;
				"CODE_SIGN_IDENTITY[sdk=iphoneos*]" = "iPhone Developer";
				COPY_PHASE_STRIP = NO;
				DEBUG_INFORMATION_FORMAT = dwarf;
				ENABLE_STRICT_OBJC_MSGSEND = YES;
				ENABLE_TESTABILITY = YES;
				GCC_C_LANGUAGE_STANDARD = gnu99;
				GCC_DYNAMIC_NO_PIC = NO;
				GCC_NO_COMMON_BLOCKS = YES;
				GCC_OPTIMIZATION_LEVEL = 0;
				GCC_PREPROCESSOR_DEFINITIONS = (
					"DEBUG=1",
					"$(inherited)",
				);
				GCC_WARN_64_TO_32_BIT_CONVERSION = YES;
				GCC_WARN_ABOUT_RETURN_TYPE = YES_ERROR;
				GCC_WARN_UNDECLARED_SELECTOR = YES;
				GCC_WARN_UNINITIALIZED_AUTOS = YES_AGGRESSIVE;
				GCC_WARN_UNUSED_FUNCTION = YES;
				GCC_WARN_UNUSED_VARIABLE = YES;
				IPHONEOS_DEPLOYMENT_TARGET = 9.1;
				MTL_ENABLE_DEBUG_INFO = YES;
				ONLY_ACTIVE_ARCH = YES;
				SDKROOT = iphoneos;
			};
			name = Debug;
		};
		104EAE6F1BDF2BDC00019EA3 /* Release */ = {
			isa = XCBuildConfiguration;
			buildSettings = {
				ALWAYS_SEARCH_USER_PATHS = NO;
				CLANG_CXX_LANGUAGE_STANDARD = "gnu++0x";
				CLANG_CXX_LIBRARY = "libc++";
				CLANG_ENABLE_MODULES = YES;
				CLANG_ENABLE_OBJC_ARC = YES;
				CLANG_WARN_BOOL_CONVERSION = YES;
				CLANG_WARN_CONSTANT_CONVERSION = YES;
				CLANG_WARN_DIRECT_OBJC_ISA_USAGE = YES_ERROR;
				CLANG_WARN_EMPTY_BODY = YES;
				CLANG_WARN_ENUM_CONVERSION = YES;
				CLANG_WARN_INFINITE_RECURSION = YES;
				CLANG_WARN_INT_CONVERSION = YES;
				CLANG_WARN_OBJC_ROOT_CLASS = YES_ERROR;
				CLANG_WARN_SUSPICIOUS_MOVE = YES;
				CLANG_WARN_UNREACHABLE_CODE = YES;
				CLANG_WARN__DUPLICATE_METHOD_MATCH = YES;
				"CODE_SIGN_IDENTITY[sdk=iphoneos*]" = "iPhone Developer";
				COPY_PHASE_STRIP = NO;
				DEBUG_INFORMATION_FORMAT = "dwarf-with-dsym";
				ENABLE_NS_ASSERTIONS = NO;
				ENABLE_STRICT_OBJC_MSGSEND = YES;
				GCC_C_LANGUAGE_STANDARD = gnu99;
				GCC_NO_COMMON_BLOCKS = YES;
				GCC_WARN_64_TO_32_BIT_CONVERSION = YES;
				GCC_WARN_ABOUT_RETURN_TYPE = YES_ERROR;
				GCC_WARN_UNDECLARED_SELECTOR = YES;
				GCC_WARN_UNINITIALIZED_AUTOS = YES_AGGRESSIVE;
				GCC_WARN_UNUSED_FUNCTION = YES;
				GCC_WARN_UNUSED_VARIABLE = YES;
				IPHONEOS_DEPLOYMENT_TARGET = 9.1;
				MTL_ENABLE_DEBUG_INFO = NO;
				SDKROOT = iphoneos;
				VALIDATE_PRODUCT = YES;
			};
			name = Release;
		};
		104EAE711BDF2BDC00019EA3 /* Debug */ = {
			isa = XCBuildConfiguration;
			buildSettings = {
				ASSETCATALOG_COMPILER_APPICON_NAME = AppIcon;
				INFOPLIST_FILE = TemplatePattern/Info.plist;
				LD_RUNPATH_SEARCH_PATHS = "$(inherited) @executable_path/Frameworks";
				PRODUCT_BUNDLE_IDENTIFIER = com.YouXianMing.TemplatePattern;
				PRODUCT_NAME = "$(TARGET_NAME)";
			};
			name = Debug;
		};
		104EAE721BDF2BDC00019EA3 /* Release */ = {
			isa = XCBuildConfiguration;
			buildSettings = {
				ASSETCATALOG_COMPILER_APPICON_NAME = AppIcon;
				INFOPLIST_FILE = TemplatePattern/Info.plist;
				LD_RUNPATH_SEARCH_PATHS = "$(inherited) @executable_path/Frameworks";
				PRODUCT_BUNDLE_IDENTIFIER = com.YouXianMing.TemplatePattern;
				PRODUCT_NAME = "$(TARGET_NAME)";
			};
			name = Release;
		};
/* End XCBuildConfiguration section */

/* Begin XCConfigurationList section */
		104EAE541BDF2BDB00019EA3 /* Build configuration list for PBXProject "TemplatePattern" */ = {
			isa = XCConfigurationList;
			buildConfigurations = (
				104EAE6E1BDF2BDC00019EA3 /* Debug */,
				104EAE6F1BDF2BDC00019EA3 /* Release */,
			);
			defaultConfigurationIsVisible = 0;
			defaultConfigurationName = Release;
		};
		104EAE701BDF2BDC00019EA3 /* Build configuration list for PBXNativeTarget "TemplatePattern" */ = {
			isa = XCConfigurationList;
			buildConfigurations = (
				104EAE711BDF2BDC00019EA3 /* Debug */,
				104EAE721BDF2BDC00019EA3 /* Release */,
			);
			defaultConfigurationIsVisible = 0;
			defaultConfigurationName = Release;
		};
/* End XCConfigurationList section */
	};
	rootObject = 104EAE511BDF2BDB00019EA3 /* Project object */;
}
