// !$*UTF8*$!
{
	archiveVersion = 1;
	classes = {
	};
	objectVersion = 46;
	objects = {

/* Begin PBXBuildFile section */
		10A8BB8B1BDE121700DEA368 /* main.m in Sources */ = {isa = PBXBuildFile; fileRef = 10A8BB8A1BDE121700DEA368 /* main.m */; };
		10A8BB8E1BDE121700DEA368 /* AppDelegate.m in Sources */ = {isa = PBXBuildFile; fileRef = 10A8BB8D1BDE121700DEA368 /* AppDelegate.m */; };
		10A8BB911BDE121700DEA368 /* ViewController.m in Sources */ = {isa = PBXBuildFile; fileRef = 10A8BB901BDE121700DEA368 /* ViewController.m */; };
		10A8BB941BDE121700DEA368 /* Main.storyboard in Resources */ = {isa = PBXBuildFile; fileRef = 10A8BB921BDE121700DEA368 /* Main.storyboard */; };
		10A8BB961BDE121700DEA368 /* Assets.xcassets in Resources */ = {isa = PBXBuildFile; fileRef = 10A8BB951BDE121700DEA368 /* Assets.xcassets */; };
		10A8BB991BDE121700DEA368 /* LaunchScreen.storyboard in Resources */ = {isa = PBXBuildFile; fileRef = 10A8BB971BDE121700DEA368 /* LaunchScreen.storyboard */; };
		10A8BBBE1BDE18AF00DEA368 /* TextFieldMediator.m in Sources */ = {isa = PBXBuildFile; fileRef = 10A8BBBD1BDE18AF00DEA368 /* TextFieldMediator.m */; };
/* End PBXBuildFile section */

/* Begin PBXFileReference section */
		10A8BB861BDE121700DEA368 /* MediatorPattern.app */ = {isa = PBXFileReference; explicitFileType = wrapper.application; includeInIndex = 0; path = MediatorPattern.app; sourceTree = BUILT_PRODUCTS_DIR; };
		10A8BB8A1BDE121700DEA368 /* main.m */ = {isa = PBXFileReference; lastKnownFileType = sourcecode.c.objc; path = main.m; sourceTree = "<group>"; };
		10A8BB8C1BDE121700DEA368 /* AppDelegate.h */ = {isa = PBXFileReference; lastKnownFileType = sourcecode.c.h; path = AppDelegate.h; sourceTree = "<group>"; };
		10A8BB8D1BDE121700DEA368 /* AppDelegate.m */ = {isa = PBXFileReference; lastKnownFileType = sourcecode.c.objc; path = AppDelegate.m; sourceTree = "<group>"; };
		10A8BB8F1BDE121700DEA368 /* ViewController.h */ = {isa = PBXFileReference; lastKnownFileType = sourcecode.c.h; path = ViewController.h; sourceTree = "<group>"; };
		10A8BB901BDE121700DEA368 /* ViewController.m */ = {isa = PBXFileReference; lastKnownFileType = sourcecode.c.objc; path = ViewController.m; sourceTree = "<group>"; };
		10A8BB931BDE121700DEA368 /* Base */ = {isa = PBXFileReference; lastKnownFileType = file.storyboard; name = Base; path = Base.lproj/Main.storyboard; sourceTree = "<group>"; };
		10A8BB951BDE121700DEA368 /* Assets.xcassets */ = {isa = PBXFileReference; lastKnownFileType = folder.assetcatalog; path = Assets.xcassets; sourceTree = "<group>"; };
		10A8BB981BDE121700DEA368 /* Base */ = {isa = PBXFileReference; lastKnownFileType = file.storyboard; name = Base; path = Base.lproj/LaunchScreen.storyboard; sourceTree = "<group>"; };
		10A8BB9A1BDE121700DEA368 /* Info.plist */ = {isa = PBXFileReference; lastKnownFileType = text.plist.xml; path = Info.plist; sourceTree = "<group>"; };
		10A8BBBC1BDE18AF00DEA368 /* TextFieldMediator.h */ = {isa = PBXFileReference; fileEncoding = 4; lastKnownFileType = sourcecode.c.h; path = TextFieldMediator.h; sourceTree = "<group>"; };
		10A8BBBD1BDE18AF00DEA368 /* TextFieldMediator.m */ = {isa = PBXFileReference; fileEncoding = 4; lastKnownFileType = sourcecode.c.objc; path = TextFieldMediator.m; sourceTree = "<group>"; };
/* End PBXFileReference section */

/* Begin PBXFrameworksBuildPhase section */
		10A8BB831BDE121700DEA368 /* Frameworks */ = {
			isa = PBXFrameworksBuildPhase;
			buildActionMask = 2147483647;
			files = (
			);
			runOnlyForDeploymentPostprocessing = 0;
		};
/* End PBXFrameworksBuildPhase section */

/* Begin PBXGroup section */
		10A8BB7D1BDE121700DEA368 = {
			isa = PBXGroup;
			children = (
				10A8BB881BDE121700DEA368 /* MediatorPattern */,
				10A8BB871BDE121700DEA368 /* Products */,
			);
			sourceTree = "<group>";
		};
		10A8BB871BDE121700DEA368 /* Products */ = {
			isa = PBXGroup;
			children = (
				10A8BB861BDE121700DEA368 /* MediatorPattern.app */,
			);
			name = Products;
			sourceTree = "<group>";
		};
		10A8BB881BDE121700DEA368 /* MediatorPattern */ = {
			isa = PBXGroup;
			children = (
				10A8BB8C1BDE121700DEA368 /* AppDelegate.h */,
				10A8BB8D1BDE121700DEA368 /* AppDelegate.m */,
				10A8BB8F1BDE121700DEA368 /* ViewController.h */,
				10A8BB901BDE121700DEA368 /* ViewController.m */,
				10A8BBBC1BDE18AF00DEA368 /* TextFieldMediator.h */,
				10A8BBBD1BDE18AF00DEA368 /* TextFieldMediator.m */,
				10A8BB921BDE121700DEA368 /* Main.storyboard */,
				10A8BB951BDE121700DEA368 /* Assets.xcassets */,
				10A8BB971BDE121700DEA368 /* LaunchScreen.storyboard */,
				10A8BB9A1BDE121700DEA368 /* Info.plist */,
				10A8BB891BDE121700DEA368 /* Supporting Files */,
			);
			path = MediatorPattern;
			sourceTree = "<group>";
		};
		10A8BB891BDE121700DEA368 /* Supporting Files */ = {
			isa = PBXGroup;
			children = (
				10A8BB8A1BDE121700DEA368 /* main.m */,
			);
			name = "Supporting Files";
			sourceTree = "<group>";
		};
/* End PBXGroup section */

/* Begin PBXNativeTarget section */
		10A8BB851BDE121700DEA368 /* MediatorPattern */ = {
			isa = PBXNativeTarget;
			buildConfigurationList = 10A8BBB31BDE121700DEA368 /* Build configuration list for PBXNativeTarget "MediatorPattern" */;
			buildPhases = (
				10A8BB821BDE121700DEA368 /* Sources */,
				10A8BB831BDE121700DEA368 /* Frameworks */,
				10A8BB841BDE121700DEA368 /* Resources */,
			);
			buildRules = (
			);
			dependencies = (
			);
			name = MediatorPattern;
			productName = MediatorPattern;
			productReference = 10A8BB861BDE121700DEA368 /* MediatorPattern.app */;
			productType = "com.apple.product-type.application";
		};
/* End PBXNativeTarget section */

/* Begin PBXProject section */
		10A8BB7E1BDE121700DEA368 /* Project object */ = {
			isa = PBXProject;
			attributes = {
				LastUpgradeCheck = 0800;
				ORGANIZATIONNAME = ZiPeiYi;
				TargetAttributes = {
					10A8BB851BDE121700DEA368 = {
						CreatedOnToolsVersion = 7.1;
					};
				};
			};
			buildConfigurationList = 10A8BB811BDE121700DEA368 /* Build configuration list for PBXProject "MediatorPattern" */;
			compatibilityVersion = "Xcode 3.2";
			developmentRegion = English;
			hasScannedForEncodings = 0;
			knownRegions = (
				en,
				Base,
			);
			mainGroup = 10A8BB7D1BDE121700DEA368;
			productRefGroup = 10A8BB871BDE121700DEA368 /* Products */;
			projectDirPath = "";
			projectRoot = "";
			targets = (
				10A8BB851BDE121700DEA368 /* MediatorPattern */,
			);
		};
/* End PBXProject section */

/* Begin PBXResourcesBuildPhase section */
		10A8BB841BDE121700DEA368 /* Resources */ = {
			isa = PBXResourcesBuildPhase;
			buildActionMask = 2147483647;
			files = (
				10A8BB991BDE121700DEA368 /* LaunchScreen.storyboard in Resources */,
				10A8BB961BDE121700DEA368 /* Assets.xcassets in Resources */,
				10A8BB941BDE121700DEA368 /* Main.storyboard in Resources */,
			);
			runOnlyForDeploymentPostprocessing = 0;
		};
/* End PBXResourcesBuildPhase section */

/* Begin PBXSourcesBuildPhase section */
		10A8BB821BDE121700DEA368 /* Sources */ = {
			isa = PBXSourcesBuildPhase;
			buildActionMask = 2147483647;
			files = (
				10A8BBBE1BDE18AF00DEA368 /* TextFieldMediator.m in Sources */,
				10A8BB911BDE121700DEA368 /* ViewController.m in Sources */,
				10A8BB8E1BDE121700DEA368 /* AppDelegate.m in Sources */,
				10A8BB8B1BDE121700DEA368 /* main.m in Sources */,
			);
			runOnlyForDeploymentPostprocessing = 0;
		};
/* End PBXSourcesBuildPhase section */

/* Begin PBXVariantGroup section */
		10A8BB921BDE121700DEA368 /* Main.storyboard */ = {
			isa = PBXVariantGroup;
			children = (
				10A8BB931BDE121700DEA368 /* Base */,
			);
			name = Main.storyboard;
			sourceTree = "<group>";
		};
		10A8BB971BDE121700DEA368 /* LaunchScreen.storyboard */ = {
			isa = PBXVariantGroup;
			children = (
				10A8BB981BDE121700DEA368 /* Base */,
			);
			name = LaunchScreen.storyboard;
			sourceTree = "<group>";
		};
/* End PBXVariantGroup section */

/* Begin XCBuildConfiguration section */
		10A8BBB11BDE121700DEA368 /* Debug */ = {
			isa = XCBuildConfiguration;
			buildSettings = {
				ALWAYS_SEARCH_USER_PATHS = NO;
				CLANG_CXX_LANGUAGE_STANDARD = "gnu++0x";
				CLANG_CXX_LIBRARY = "libc++";
				CLANG_ENABLE_MODULES = YES;
				CLANG_ENABLE_OBJC_ARC = YES;
				CLANG_WARN_BOOL_CONVERSION = YES;
				CLANG_WARN_CONSTANT_CONVERSION = YES;
				CLANG_WARN_DIRECT_OBJC_ISA_USAGE = YES_ERROR;
				CLANG_WARN_EMPTY_BODY = YES;
				CLANG_WARN_ENUM_CONVERSION = YES;
				CLANG_WARN_INFINITE_RECURSION = YES;
				CLANG_WARN_INT_CONVERSION = YES;
				CLANG_WARN_OBJC_ROOT_CLASS = YES_ERROR;
				CLANG_WARN_SUSPICIOUS_MOVE = YES;
				CLANG_WARN_UNREACHABLE_CODE = YES;
				CLANG_WARN__DUPLICATE_METHOD_MATCH = YES;
				"CODE_SIGN_IDENTITY[sdk=iphoneos*]" = "iPhone Developer";
				COPY_PHASE_STRIP = NO;
				DEBUG_INFORMATION_FORMAT = dwarf;
				ENABLE_STRICT_OBJC_MSGSEND = YES;
				ENABLE_TESTABILITY = YES;
				GCC_C_LANGUAGE_STANDARD = gnu99;
				GCC_DYNAMIC_NO_PIC = NO;
				GCC_NO_COMMON_BLOCKS = YES;
				GCC_OPTIMIZATION_LEVEL = 0;
				GCC_PREPROCESSOR_DEFINITIONS = (
					"DEBUG=1",
					"$(inherited)",
				);
				GCC_WARN_64_TO_32_BIT_CONVERSION = YES;
				GCC_WARN_ABOUT_RETURN_TYPE = YES_ERROR;
				GCC_WARN_UNDECLARED_SELECTOR = YES;
				GCC_WARN_UNINITIALIZED_AUTOS = YES_AGGRESSIVE;
				GCC_WARN_UNUSED_FUNCTION = YES;
				GCC_WARN_UNUSED_VARIABLE = YES;
				IPHONEOS_DEPLOYMENT_TARGET = 9.1;
				MTL_ENABLE_DEBUG_INFO = YES;
				ONLY_ACTIVE_ARCH = YES;
				SDKROOT = iphoneos;
			};
			name = Debug;
		};
		10A8BBB21BDE121700DEA368 /* Release */ = {
			isa = XCBuildConfiguration;
			buildSettings = {
				ALWAYS_SEARCH_USER_PATHS = NO;
				CLANG_CXX_LANGUAGE_STANDARD = "gnu++0x";
				CLANG_CXX_LIBRARY = "libc++";
				CLANG_ENABLE_MODULES = YES;
				CLANG_ENABLE_OBJC_ARC = YES;
				CLANG_WARN_BOOL_CONVERSION = YES;
				CLANG_WARN_CONSTANT_CONVERSION = YES;
				CLANG_WARN_DIRECT_OBJC_ISA_USAGE = YES_ERROR;
				CLANG_WARN_EMPTY_BODY = YES;
				CLANG_WARN_ENUM_CONVERSION = YES;
				CLANG_WARN_INFINITE_RECURSION = YES;
				CLANG_WARN_INT_CONVERSION = YES;
				CLANG_WARN_OBJC_ROOT_CLASS = YES_ERROR;
				CLANG_WARN_SUSPICIOUS_MOVE = YES;
				CLANG_WARN_UNREACHABLE_CODE = YES;
				CLANG_WARN__DUPLICATE_METHOD_MATCH = YES;
				"CODE_SIGN_IDENTITY[sdk=iphoneos*]" = "iPhone Developer";
				COPY_PHASE_STRIP = NO;
				DEBUG_INFORMATION_FORMAT = "dwarf-with-dsym";
				ENABLE_NS_ASSERTIONS = NO;
				ENABLE_STRICT_OBJC_MSGSEND = YES;
				GCC_C_LANGUAGE_STANDARD = gnu99;
				GCC_NO_COMMON_BLOCKS = YES;
				GCC_WARN_64_TO_32_BIT_CONVERSION = YES;
				GCC_WARN_ABOUT_RETURN_TYPE = YES_ERROR;
				GCC_WARN_UNDECLARED_SELECTOR = YES;
				GCC_WARN_UNINITIALIZED_AUTOS = YES_AGGRESSIVE;
				GCC_WARN_UNUSED_FUNCTION = YES;
				GCC_WARN_UNUSED_VARIABLE = YES;
				IPHONEOS_DEPLOYMENT_TARGET = 9.1;
				MTL_ENABLE_DEBUG_INFO = NO;
				SDKROOT = iphoneos;
				VALIDATE_PRODUCT = YES;
			};
			name = Release;
		};
		10A8BBB41BDE121700DEA368 /* Debug */ = {
			isa = XCBuildConfiguration;
			buildSettings = {
				ASSETCATALOG_COMPILER_APPICON_NAME = AppIcon;
				INFOPLIST_FILE = MediatorPattern/Info.plist;
				LD_RUNPATH_SEARCH_PATHS = "$(inherited) @executable_path/Frameworks";
				PRODUCT_BUNDLE_IDENTIFIER = com.YouXianMing.MediatorPattern;
				PRODUCT_NAME = "$(TARGET_NAME)";
			};
			name = Debug;
		};
		10A8BBB51BDE121700DEA368 /* Release */ = {
			isa = XCBuildConfiguration;
			buildSettings = {
				ASSETCATALOG_COMPILER_APPICON_NAME = AppIcon;
				INFOPLIST_FILE = MediatorPattern/Info.plist;
				LD_RUNPATH_SEARCH_PATHS = "$(inherited) @executable_path/Frameworks";
				PRODUCT_BUNDLE_IDENTIFIER = com.YouXianMing.MediatorPattern;
				PRODUCT_NAME = "$(TARGET_NAME)";
			};
			name = Release;
		};
/* End XCBuildConfiguration section */

/* Begin XCConfigurationList section */
		10A8BB811BDE121700DEA368 /* Build configuration list for PBXProject "MediatorPattern" */ = {
			isa = XCConfigurationList;
			buildConfigurations = (
				10A8BBB11BDE121700DEA368 /* Debug */,
				10A8BBB21BDE121700DEA368 /* Release */,
			);
			defaultConfigurationIsVisible = 0;
			defaultConfigurationName = Release;
		};
		10A8BBB31BDE121700DEA368 /* Build configuration list for PBXNativeTarget "MediatorPattern" */ = {
			isa = XCConfigurationList;
			buildConfigurations = (
				10A8BBB41BDE121700DEA368 /* Debug */,
				10A8BBB51BDE121700DEA368 /* Release */,
			);
			defaultConfigurationIsVisible = 0;
			defaultConfigurationName = Release;
		};
/* End XCConfigurationList section */
	};
	rootObject = 10A8BB7E1BDE121700DEA368 /* Project object */;
}
