// !$*UTF8*$!
{
	archiveVersion = 1;
	classes = {
	};
	objectVersion = 46;
	objects = {

/* Begin PBXBuildFile section */
		104DC5FB1BDDD6E100AA94D7 /* LinkedList.m in Sources */ = {isa = PBXBuildFile; fileRef = 104DC5FA1BDDD6E100AA94D7 /* LinkedList.m */; };
		104DC5FE1BDDD9D300AA94D7 /* LinkedListIterator.m in Sources */ = {isa = PBXBuildFile; fileRef = 104DC5FD1BDDD9D300AA94D7 /* LinkedListIterator.m */; };
		109799141BDDD503007E4822 /* main.m in Sources */ = {isa = PBXBuildFile; fileRef = 109799131BDDD503007E4822 /* main.m */; };
		109799171BDDD503007E4822 /* AppDelegate.m in Sources */ = {isa = PBXBuildFile; fileRef = 109799161BDDD503007E4822 /* AppDelegate.m */; };
		1097991A1BDDD503007E4822 /* ViewController.m in Sources */ = {isa = PBXBuildFile; fileRef = 109799191BDDD503007E4822 /* ViewController.m */; };
		1097991D1BDDD503007E4822 /* Main.storyboard in Resources */ = {isa = PBXBuildFile; fileRef = 1097991B1BDDD503007E4822 /* Main.storyboard */; };
		1097991F1BDDD503007E4822 /* Assets.xcassets in Resources */ = {isa = PBXBuildFile; fileRef = 1097991E1BDDD503007E4822 /* Assets.xcassets */; };
		109799221BDDD503007E4822 /* LaunchScreen.storyboard in Resources */ = {isa = PBXBuildFile; fileRef = 109799201BDDD503007E4822 /* LaunchScreen.storyboard */; };
		109799471BDDD5A0007E4822 /* Node.m in Sources */ = {isa = PBXBuildFile; fileRef = 109799461BDDD5A0007E4822 /* Node.m */; };
/* End PBXBuildFile section */

/* Begin PBXFileReference section */
		104DC5F91BDDD6E100AA94D7 /* LinkedList.h */ = {isa = PBXFileReference; fileEncoding = 4; lastKnownFileType = sourcecode.c.h; path = LinkedList.h; sourceTree = "<group>"; };
		104DC5FA1BDDD6E100AA94D7 /* LinkedList.m */ = {isa = PBXFileReference; fileEncoding = 4; lastKnownFileType = sourcecode.c.objc; path = LinkedList.m; sourceTree = "<group>"; };
		104DC5FC1BDDD9D300AA94D7 /* LinkedListIterator.h */ = {isa = PBXFileReference; fileEncoding = 4; lastKnownFileType = sourcecode.c.h; path = LinkedListIterator.h; sourceTree = "<group>"; };
		104DC5FD1BDDD9D300AA94D7 /* LinkedListIterator.m */ = {isa = PBXFileReference; fileEncoding = 4; lastKnownFileType = sourcecode.c.objc; path = LinkedListIterator.m; sourceTree = "<group>"; };
		104DC6021BDDDA3300AA94D7 /* IteratorProtocol.h */ = {isa = PBXFileReference; fileEncoding = 4; lastKnownFileType = sourcecode.c.h; path = IteratorProtocol.h; sourceTree = "<group>"; };
		1097990F1BDDD503007E4822 /* IteratorPattern.app */ = {isa = PBXFileReference; explicitFileType = wrapper.application; includeInIndex = 0; path = IteratorPattern.app; sourceTree = BUILT_PRODUCTS_DIR; };
		109799131BDDD503007E4822 /* main.m */ = {isa = PBXFileReference; lastKnownFileType = sourcecode.c.objc; path = main.m; sourceTree = "<group>"; };
		109799151BDDD503007E4822 /* AppDelegate.h */ = {isa = PBXFileReference; lastKnownFileType = sourcecode.c.h; path = AppDelegate.h; sourceTree = "<group>"; };
		109799161BDDD503007E4822 /* AppDelegate.m */ = {isa = PBXFileReference; lastKnownFileType = sourcecode.c.objc; path = AppDelegate.m; sourceTree = "<group>"; };
		109799181BDDD503007E4822 /* ViewController.h */ = {isa = PBXFileReference; lastKnownFileType = sourcecode.c.h; path = ViewController.h; sourceTree = "<group>"; };
		109799191BDDD503007E4822 /* ViewController.m */ = {isa = PBXFileReference; lastKnownFileType = sourcecode.c.objc; path = ViewController.m; sourceTree = "<group>"; };
		1097991C1BDDD503007E4822 /* Base */ = {isa = PBXFileReference; lastKnownFileType = file.storyboard; name = Base; path = Base.lproj/Main.storyboard; sourceTree = "<group>"; };
		1097991E1BDDD503007E4822 /* Assets.xcassets */ = {isa = PBXFileReference; lastKnownFileType = folder.assetcatalog; path = Assets.xcassets; sourceTree = "<group>"; };
		109799211BDDD503007E4822 /* Base */ = {isa = PBXFileReference; lastKnownFileType = file.storyboard; name = Base; path = Base.lproj/LaunchScreen.storyboard; sourceTree = "<group>"; };
		109799231BDDD503007E4822 /* Info.plist */ = {isa = PBXFileReference; lastKnownFileType = text.plist.xml; path = Info.plist; sourceTree = "<group>"; };
		109799451BDDD5A0007E4822 /* Node.h */ = {isa = PBXFileReference; fileEncoding = 4; lastKnownFileType = sourcecode.c.h; path = Node.h; sourceTree = "<group>"; };
		109799461BDDD5A0007E4822 /* Node.m */ = {isa = PBXFileReference; fileEncoding = 4; lastKnownFileType = sourcecode.c.objc; path = Node.m; sourceTree = "<group>"; };
/* End PBXFileReference section */

/* Begin PBXFrameworksBuildPhase section */
		1097990C1BDDD503007E4822 /* Frameworks */ = {
			isa = PBXFrameworksBuildPhase;
			buildActionMask = 2147483647;
			files = (
			);
			runOnlyForDeploymentPostprocessing = 0;
		};
/* End PBXFrameworksBuildPhase section */

/* Begin PBXGroup section */
		109799061BDDD503007E4822 = {
			isa = PBXGroup;
			children = (
				109799111BDDD503007E4822 /* IteratorPattern */,
				109799101BDDD503007E4822 /* Products */,
			);
			sourceTree = "<group>";
		};
		109799101BDDD503007E4822 /* Products */ = {
			isa = PBXGroup;
			children = (
				1097990F1BDDD503007E4822 /* IteratorPattern.app */,
			);
			name = Products;
			sourceTree = "<group>";
		};
		109799111BDDD503007E4822 /* IteratorPattern */ = {
			isa = PBXGroup;
			children = (
				109799151BDDD503007E4822 /* AppDelegate.h */,
				109799161BDDD503007E4822 /* AppDelegate.m */,
				109799181BDDD503007E4822 /* ViewController.h */,
				109799191BDDD503007E4822 /* ViewController.m */,
				109799451BDDD5A0007E4822 /* Node.h */,
				109799461BDDD5A0007E4822 /* Node.m */,
				104DC5F91BDDD6E100AA94D7 /* LinkedList.h */,
				104DC5FA1BDDD6E100AA94D7 /* LinkedList.m */,
				104DC5FC1BDDD9D300AA94D7 /* LinkedListIterator.h */,
				104DC5FD1BDDD9D300AA94D7 /* LinkedListIterator.m */,
				104DC6021BDDDA3300AA94D7 /* IteratorProtocol.h */,
				1097991B1BDDD503007E4822 /* Main.storyboard */,
				1097991E1BDDD503007E4822 /* Assets.xcassets */,
				109799201BDDD503007E4822 /* LaunchScreen.storyboard */,
				109799231BDDD503007E4822 /* Info.plist */,
				109799121BDDD503007E4822 /* Supporting Files */,
			);
			path = IteratorPattern;
			sourceTree = "<group>";
		};
		109799121BDDD503007E4822 /* Supporting Files */ = {
			isa = PBXGroup;
			children = (
				109799131BDDD503007E4822 /* main.m */,
			);
			name = "Supporting Files";
			sourceTree = "<group>";
		};
/* End PBXGroup section */

/* Begin PBXNativeTarget section */
		1097990E1BDDD503007E4822 /* IteratorPattern */ = {
			isa = PBXNativeTarget;
			buildConfigurationList = 1097993C1BDDD503007E4822 /* Build configuration list for PBXNativeTarget "IteratorPattern" */;
			buildPhases = (
				1097990B1BDDD503007E4822 /* Sources */,
				1097990C1BDDD503007E4822 /* Frameworks */,
				1097990D1BDDD503007E4822 /* Resources */,
			);
			buildRules = (
			);
			dependencies = (
			);
			name = IteratorPattern;
			productName = IteratorPattern;
			productReference = 1097990F1BDDD503007E4822 /* IteratorPattern.app */;
			productType = "com.apple.product-type.application";
		};
/* End PBXNativeTarget section */

/* Begin PBXProject section */
		109799071BDDD503007E4822 /* Project object */ = {
			isa = PBXProject;
			attributes = {
				LastUpgradeCheck = 0800;
				ORGANIZATIONNAME = ZiPeiYi;
				TargetAttributes = {
					1097990E1BDDD503007E4822 = {
						CreatedOnToolsVersion = 7.1;
					};
				};
			};
			buildConfigurationList = 1097990A1BDDD503007E4822 /* Build configuration list for PBXProject "IteratorPattern" */;
			compatibilityVersion = "Xcode 3.2";
			developmentRegion = English;
			hasScannedForEncodings = 0;
			knownRegions = (
				en,
				Base,
			);
			mainGroup = 109799061BDDD503007E4822;
			productRefGroup = 109799101BDDD503007E4822 /* Products */;
			projectDirPath = "";
			projectRoot = "";
			targets = (
				1097990E1BDDD503007E4822 /* IteratorPattern */,
			);
		};
/* End PBXProject section */

/* Begin PBXResourcesBuildPhase section */
		1097990D1BDDD503007E4822 /* Resources */ = {
			isa = PBXResourcesBuildPhase;
			buildActionMask = 2147483647;
			files = (
				109799221BDDD503007E4822 /* LaunchScreen.storyboard in Resources */,
				1097991F1BDDD503007E4822 /* Assets.xcassets in Resources */,
				1097991D1BDDD503007E4822 /* Main.storyboard in Resources */,
			);
			runOnlyForDeploymentPostprocessing = 0;
		};
/* End PBXResourcesBuildPhase section */

/* Begin PBXSourcesBuildPhase section */
		1097990B1BDDD503007E4822 /* Sources */ = {
			isa = PBXSourcesBuildPhase;
			buildActionMask = 2147483647;
			files = (
				104DC5FE1BDDD9D300AA94D7 /* LinkedListIterator.m in Sources */,
				1097991A1BDDD503007E4822 /* ViewController.m in Sources */,
				109799171BDDD503007E4822 /* AppDelegate.m in Sources */,
				109799141BDDD503007E4822 /* main.m in Sources */,
				104DC5FB1BDDD6E100AA94D7 /* LinkedList.m in Sources */,
				109799471BDDD5A0007E4822 /* Node.m in Sources */,
			);
			runOnlyForDeploymentPostprocessing = 0;
		};
/* End PBXSourcesBuildPhase section */

/* Begin PBXVariantGroup section */
		1097991B1BDDD503007E4822 /* Main.storyboard */ = {
			isa = PBXVariantGroup;
			children = (
				1097991C1BDDD503007E4822 /* Base */,
			);
			name = Main.storyboard;
			sourceTree = "<group>";
		};
		109799201BDDD503007E4822 /* LaunchScreen.storyboard */ = {
			isa = PBXVariantGroup;
			children = (
				109799211BDDD503007E4822 /* Base */,
			);
			name = LaunchScreen.storyboard;
			sourceTree = "<group>";
		};
/* End PBXVariantGroup section */

/* Begin XCBuildConfiguration section */
		1097993A1BDDD503007E4822 /* Debug */ = {
			isa = XCBuildConfiguration;
			buildSettings = {
				ALWAYS_SEARCH_USER_PATHS = NO;
				CLANG_CXX_LANGUAGE_STANDARD = "gnu++0x";
				CLANG_CXX_LIBRARY = "libc++";
				CLANG_ENABLE_MODULES = YES;
				CLANG_ENABLE_OBJC_ARC = YES;
				CLANG_WARN_BOOL_CONVERSION = YES;
				CLANG_WARN_CONSTANT_CONVERSION = YES;
				CLANG_WARN_DIRECT_OBJC_ISA_USAGE = YES_ERROR;
				CLANG_WARN_EMPTY_BODY = YES;
				CLANG_WARN_ENUM_CONVERSION = YES;
				CLANG_WARN_INFINITE_RECURSION = YES;
				CLANG_WARN_INT_CONVERSION = YES;
				CLANG_WARN_OBJC_ROOT_CLASS = YES_ERROR;
				CLANG_WARN_SUSPICIOUS_MOVE = YES;
				CLANG_WARN_UNREACHABLE_CODE = YES;
				CLANG_WARN__DUPLICATE_METHOD_MATCH = YES;
				"CODE_SIGN_IDENTITY[sdk=iphoneos*]" = "iPhone Developer";
				COPY_PHASE_STRIP = NO;
				DEBUG_INFORMATION_FORMAT = dwarf;
				ENABLE_STRICT_OBJC_MSGSEND = YES;
				ENABLE_TESTABILITY = YES;
				GCC_C_LANGUAGE_STANDARD = gnu99;
				GCC_DYNAMIC_NO_PIC = NO;
				GCC_NO_COMMON_BLOCKS = YES;
				GCC_OPTIMIZATION_LEVEL = 0;
				GCC_PREPROCESSOR_DEFINITIONS = (
					"DEBUG=1",
					"$(inherited)",
				);
				GCC_WARN_64_TO_32_BIT_CONVERSION = YES;
				GCC_WARN_ABOUT_RETURN_TYPE = YES_ERROR;
				GCC_WARN_UNDECLARED_SELECTOR = YES;
				GCC_WARN_UNINITIALIZED_AUTOS = YES_AGGRESSIVE;
				GCC_WARN_UNUSED_FUNCTION = YES;
				GCC_WARN_UNUSED_VARIABLE = YES;
				IPHONEOS_DEPLOYMENT_TARGET = 9.1;
				MTL_ENABLE_DEBUG_INFO = YES;
				ONLY_ACTIVE_ARCH = YES;
				SDKROOT = iphoneos;
			};
			name = Debug;
		};
		1097993B1BDDD503007E4822 /* Release */ = {
			isa = XCBuildConfiguration;
			buildSettings = {
				ALWAYS_SEARCH_USER_PATHS = NO;
				CLANG_CXX_LANGUAGE_STANDARD = "gnu++0x";
				CLANG_CXX_LIBRARY = "libc++";
				CLANG_ENABLE_MODULES = YES;
				CLANG_ENABLE_OBJC_ARC = YES;
				CLANG_WARN_BOOL_CONVERSION = YES;
				CLANG_WARN_CONSTANT_CONVERSION = YES;
				CLANG_WARN_DIRECT_OBJC_ISA_USAGE = YES_ERROR;
				CLANG_WARN_EMPTY_BODY = YES;
				CLANG_WARN_ENUM_CONVERSION = YES;
				CLANG_WARN_INFINITE_RECURSION = YES;
				CLANG_WARN_INT_CONVERSION = YES;
				CLANG_WARN_OBJC_ROOT_CLASS = YES_ERROR;
				CLANG_WARN_SUSPICIOUS_MOVE = YES;
				CLANG_WARN_UNREACHABLE_CODE = YES;
				CLANG_WARN__DUPLICATE_METHOD_MATCH = YES;
				"CODE_SIGN_IDENTITY[sdk=iphoneos*]" = "iPhone Developer";
				COPY_PHASE_STRIP = NO;
				DEBUG_INFORMATION_FORMAT = "dwarf-with-dsym";
				ENABLE_NS_ASSERTIONS = NO;
				ENABLE_STRICT_OBJC_MSGSEND = YES;
				GCC_C_LANGUAGE_STANDARD = gnu99;
				GCC_NO_COMMON_BLOCKS = YES;
				GCC_WARN_64_TO_32_BIT_CONVERSION = YES;
				GCC_WARN_ABOUT_RETURN_TYPE = YES_ERROR;
				GCC_WARN_UNDECLARED_SELECTOR = YES;
				GCC_WARN_UNINITIALIZED_AUTOS = YES_AGGRESSIVE;
				GCC_WARN_UNUSED_FUNCTION = YES;
				GCC_WARN_UNUSED_VARIABLE = YES;
				IPHONEOS_DEPLOYMENT_TARGET = 9.1;
				MTL_ENABLE_DEBUG_INFO = NO;
				SDKROOT = iphoneos;
				VALIDATE_PRODUCT = YES;
			};
			name = Release;
		};
		1097993D1BDDD503007E4822 /* Debug */ = {
			isa = XCBuildConfiguration;
			buildSettings = {
				ASSETCATALOG_COMPILER_APPICON_NAME = AppIcon;
				INFOPLIST_FILE = IteratorPattern/Info.plist;
				LD_RUNPATH_SEARCH_PATHS = "$(inherited) @executable_path/Frameworks";
				PRODUCT_BUNDLE_IDENTIFIER = com.YouXianMing.IteratorPattern;
				PRODUCT_NAME = "$(TARGET_NAME)";
			};
			name = Debug;
		};
		1097993E1BDDD503007E4822 /* Release */ = {
			isa = XCBuildConfiguration;
			buildSettings = {
				ASSETCATALOG_COMPILER_APPICON_NAME = AppIcon;
				INFOPLIST_FILE = IteratorPattern/Info.plist;
				LD_RUNPATH_SEARCH_PATHS = "$(inherited) @executable_path/Frameworks";
				PRODUCT_BUNDLE_IDENTIFIER = com.YouXianMing.IteratorPattern;
				PRODUCT_NAME = "$(TARGET_NAME)";
			};
			name = Release;
		};
/* End XCBuildConfiguration section */

/* Begin XCConfigurationList section */
		1097990A1BDDD503007E4822 /* Build configuration list for PBXProject "IteratorPattern" */ = {
			isa = XCConfigurationList;
			buildConfigurations = (
				1097993A1BDDD503007E4822 /* Debug */,
				1097993B1BDDD503007E4822 /* Release */,
			);
			defaultConfigurationIsVisible = 0;
			defaultConfigurationName = Release;
		};
		1097993C1BDDD503007E4822 /* Build configuration list for PBXNativeTarget "IteratorPattern" */ = {
			isa = XCConfigurationList;
			buildConfigurations = (
				1097993D1BDDD503007E4822 /* Debug */,
				1097993E1BDDD503007E4822 /* Release */,
			);
			defaultConfigurationIsVisible = 0;
			defaultConfigurationName = Release;
		};
/* End XCConfigurationList section */
	};
	rootObject = 109799071BDDD503007E4822 /* Project object */;
}
